
Microsoft Visual Studio Solution File, Format Version 12.00
# Visual Studio 15
VisualStudioVersion = 15.0.27130.2036
MinimumVisualStudioVersion = 10.0.40219.1
Project("{FAE04EC0-301F-11D3-BF4B-00C04F79EFBC}") = "Cube", "ConsoleApp1\Cube.csproj", "{01E42E38-5AFC-435B-B73E-B3830175C29A}"
EndProject
Project("{FAE04EC0-301F-11D3-BF4B-00C04F79EFBC}") = "Library", "Library\Library.csproj", "{8E2F291B-CC47-4544-863E-BCB351B2DAD6}"
EndProject
Global
	GlobalSection(SolutionConfigurationPlatforms) = preSolution
		Debug|Any CPU = Debug|Any CPU
		Release|Any CPU = Release|Any CPU
	EndGlobalSection
	GlobalSection(ProjectConfigurationPlatforms) = postSolution
		{01E42E38-5AFC-435B-B73E-B3830175C29A}.Debug|Any CPU.ActiveCfg = Debug|Any CPU
		{01E42E38-5AFC-435B-B73E-B3830175C29A}.Debug|Any CPU.Build.0 = Debug|Any CPU
		{01E42E38-5AFC-435B-B73E-B3830175C29A}.Release|Any CPU.ActiveCfg = Release|Any CPU
		{01E42E38-5AFC-435B-B73E-B3830175C29A}.Release|Any CPU.Build.0 = Release|Any CPU
		{8E2F291B-CC47-4544-863E-BCB351B2DAD6}.Debug|Any CPU.ActiveCfg = Debug|Any CPU
		{8E2F291B-CC47-4544-863E-BCB351B2DAD6}.Debug|Any CPU.Build.0 = Debug|Any CPU
		{8E2F291B-CC47-4544-863E-BCB351B2DAD6}.Release|Any CPU.ActiveCfg = Release|Any CPU
		{8E2F291B-CC47-4544-863E-BCB351B2DAD6}.Release|Any CPU.Build.0 = Release|Any CPU
	EndGlobalSection
	GlobalSection(SolutionProperties) = preSolution
		HideSolutionNode = FALSE
	EndGlobalSection
	GlobalSection(ExtensibilityGlobals) = postSolution
		SolutionGuid = {8CE8DEC2-D0F7-47C4-AE44-1615F021463C}
	EndGlobalSection
EndGlobal
